
Microsoft Visual Studio Solution File, Format Version 12.00
# Visual Studio 14
VisualStudioVersion = 14.0.25420.1
MinimumVisualStudioVersion = 10.0.40219.1
Project("{FAE04EC0-301F-11D3-BF4B-00C04F79EFBC}") = "xcederAPI", "xcederAPI.csproj", "{9D0A8CDB-7EC1-416E-B605-97712400C733}"
EndProject
Project("{FAE04EC0-301F-11D3-BF4B-00C04F79EFBC}") = "UnitTest", "UnitTest\UnitTest.csproj", "{4E93174F-1652-40D4-98DC-C011BCB8998D}"
	ProjectSection(ProjectDependencies) = postProject
		{9D0A8CDB-7EC1-416E-B605-97712400C733} = {9D0A8CDB-7EC1-416E-B605-97712400C733}
	EndProjectSection
EndProject
Project("{FAE04EC0-301F-11D3-BF4B-00C04F79EFBC}") = "xcederAPINet45", "xcederAPINet45\xcederAPINet45.csproj", "{4E95A4A5-D60D-489B-A4CF-E9316920E6C9}"
	ProjectSection(ProjectDependencies) = postProject
		{9D0A8CDB-7EC1-416E-B605-97712400C733} = {9D0A8CDB-7EC1-416E-B605-97712400C733}
	EndProjectSection
EndProject
Project("{FAE04EC0-301F-11D3-BF4B-00C04F79EFBC}") = "UnitTest4.5", "UnitTest4.5\UnitTest4.5.csproj", "{7348E125-6597-4C66-A3D8-063C51B0FAF9}"
	ProjectSection(ProjectDependencies) = postProject
		{4E95A4A5-D60D-489B-A4CF-E9316920E6C9} = {4E95A4A5-D60D-489B-A4CF-E9316920E6C9}
	EndProjectSection
EndProject
Global
	GlobalSection(SolutionConfigurationPlatforms) = preSolution
		Debug|Any CPU = Debug|Any CPU
		Release|Any CPU = Release|Any CPU
	EndGlobalSection
	GlobalSection(ProjectConfigurationPlatforms) = postSolution
		{9D0A8CDB-7EC1-416E-B605-97712400C733}.Debug|Any CPU.ActiveCfg = Debug|Any CPU
		{9D0A8CDB-7EC1-416E-B605-97712400C733}.Debug|Any CPU.Build.0 = Debug|Any CPU
		{9D0A8CDB-7EC1-416E-B605-97712400C733}.Release|Any CPU.ActiveCfg = Release|Any CPU
		{9D0A8CDB-7EC1-416E-B605-97712400C733}.Release|Any CPU.Build.0 = Release|Any CPU
		{4E93174F-1652-40D4-98DC-C011BCB8998D}.Debug|Any CPU.ActiveCfg = Debug|Any CPU
		{4E93174F-1652-40D4-98DC-C011BCB8998D}.Debug|Any CPU.Build.0 = Debug|Any CPU
		{4E93174F-1652-40D4-98DC-C011BCB8998D}.Release|Any CPU.ActiveCfg = Release|Any CPU
		{4E93174F-1652-40D4-98DC-C011BCB8998D}.Release|Any CPU.Build.0 = Release|Any CPU
		{4E95A4A5-D60D-489B-A4CF-E9316920E6C9}.Debug|Any CPU.ActiveCfg = Debug|Any CPU
		{4E95A4A5-D60D-489B-A4CF-E9316920E6C9}.Debug|Any CPU.Build.0 = Debug|Any CPU
		{4E95A4A5-D60D-489B-A4CF-E9316920E6C9}.Release|Any CPU.ActiveCfg = Release|Any CPU
		{4E95A4A5-D60D-489B-A4CF-E9316920E6C9}.Release|Any CPU.Build.0 = Release|Any CPU
		{7348E125-6597-4C66-A3D8-063C51B0FAF9}.Debug|Any CPU.ActiveCfg = Debug|Any CPU
		{7348E125-6597-4C66-A3D8-063C51B0FAF9}.Debug|Any CPU.Build.0 = Debug|Any CPU
		{7348E125-6597-4C66-A3D8-063C51B0FAF9}.Release|Any CPU.ActiveCfg = Release|Any CPU
		{7348E125-6597-4C66-A3D8-063C51B0FAF9}.Release|Any CPU.Build.0 = Release|Any CPU
	EndGlobalSection
	GlobalSection(SolutionProperties) = preSolution
		HideSolutionNode = FALSE
	EndGlobalSection
EndGlobal
